
Microsoft Visual Studio Solution File, Format Version 12.00
Project("{FAE04EC0-301F-11D3-BF4B-00C04F79EFBC}") = "Money printer", "Money printer\Money printer.csproj", "{F5EF39DB-2CDF-41E4-8D1E-1ED872DDB64C}"
EndProject
Global
	GlobalSection(SolutionConfigurationPlatforms) = preSolution
		Debug|Any CPU = Debug|Any CPU
		Release|Any CPU = Release|Any CPU
	EndGlobalSection
	GlobalSection(ProjectConfigurationPlatforms) = postSolution
		{F5EF39DB-2CDF-41E4-8D1E-1ED872DDB64C}.Debug|Any CPU.ActiveCfg = Debug|Any CPU
		{F5EF39DB-2CDF-41E4-8D1E-1ED872DDB64C}.Debug|Any CPU.Build.0 = Debug|Any CPU
		{F5EF39DB-2CDF-41E4-8D1E-1ED872DDB64C}.Release|Any CPU.ActiveCfg = Release|Any CPU
		{F5EF39DB-2CDF-41E4-8D1E-1ED872DDB64C}.Release|Any CPU.Build.0 = Release|Any CPU
	EndGlobalSection
EndGlobal
